// !$*UTF8*$!
{
	archiveVersion = 1;
	classes = {
	};
	objectVersion = 50;
	objects = {

/* Begin PBXBuildFile section */
		03EDF84625B1038B00039B4B /* AppDelegate.swift in Sources */ = {isa = PBXBuildFile; fileRef = 03EDF84525B1038B00039B4B /* AppDelegate.swift */; };
		03EDF84925B1038B00039B4B /* Main.storyboard in Resources */ = {isa = PBXBuildFile; fileRef = 03EDF84725B1038B00039B4B /* Main.storyboard */; };
		03EDF84B25B1038B00039B4B /* ViewController.swift in Sources */ = {isa = PBXBuildFile; fileRef = 03EDF84A25B1038B00039B4B /* ViewController.swift */; };
		03EDF84D25B1038C00039B4B /* Assets.xcassets in Resources */ = {isa = PBXBuildFile; fileRef = 03EDF84C25B1038C00039B4B /* Assets.xcassets */; };
		03EDF85425B1038C00039B4B /* Forem Extension.appex in Embed App Extensions */ = {isa = PBXBuildFile; fileRef = 03EDF85325B1038C00039B4B /* Forem Extension.appex */; settings = {ATTRIBUTES = (RemoveHeadersOnCopy, ); }; };
		03EDF85925B1038C00039B4B /* Cocoa.framework in Frameworks */ = {isa = PBXBuildFile; fileRef = 03EDF85825B1038C00039B4B /* Cocoa.framework */; };
		03EDF85C25B1038C00039B4B /* SafariWebExtensionHandler.swift in Sources */ = {isa = PBXBuildFile; fileRef = 03EDF85B25B1038C00039B4B /* SafariWebExtensionHandler.swift */; };
		03EDF87025B1038C00039B4B /* LICENSE.md in Resources */ = {isa = PBXBuildFile; fileRef = 03EDF86925B1038C00039B4B /* LICENSE.md */; };
		03EDF87125B1038C00039B4B /* content in Resources */ = {isa = PBXBuildFile; fileRef = 03EDF86A25B1038C00039B4B /* content */; };
		03EDF87225B1038C00039B4B /* README.md in Resources */ = {isa = PBXBuildFile; fileRef = 03EDF86B25B1038C00039B4B /* README.md */; };
		03EDF87325B1038C00039B4B /* yarn.lock in Resources */ = {isa = PBXBuildFile; fileRef = 03EDF86C25B1038C00039B4B /* yarn.lock */; };
		03EDF87425B1038C00039B4B /* package.json in Resources */ = {isa = PBXBuildFile; fileRef = 03EDF86D25B1038C00039B4B /* package.json */; };
		03EDF87525B1038C00039B4B /* safari in Resources */ = {isa = PBXBuildFile; fileRef = 03EDF86E25B1038C00039B4B /* safari */; };
		03EDF87625B1038C00039B4B /* manifest.json in Resources */ = {isa = PBXBuildFile; fileRef = 03EDF86F25B1038C00039B4B /* manifest.json */; };
/* End PBXBuildFile section */

/* Begin PBXContainerItemProxy section */
		03EDF85525B1038C00039B4B /* PBXContainerItemProxy */ = {
			isa = PBXContainerItemProxy;
			containerPortal = 03EDF83925B1038B00039B4B /* Project object */;
			proxyType = 1;
			remoteGlobalIDString = 03EDF85225B1038C00039B4B;
			remoteInfo = "Forem Extension";
		};
/* End PBXContainerItemProxy section */

/* Begin PBXCopyFilesBuildPhase section */
		03EDF86425B1038C00039B4B /* Embed App Extensions */ = {
			isa = PBXCopyFilesBuildPhase;
			buildActionMask = 2147483647;
			dstPath = "";
			dstSubfolderSpec = 13;
			files = (
				03EDF85425B1038C00039B4B /* Forem Extension.appex in Embed App Extensions */,
			);
			name = "Embed App Extensions";
			runOnlyForDeploymentPostprocessing = 0;
		};
/* End PBXCopyFilesBuildPhase section */

/* Begin PBXFileReference section */
		03EDF84125B1038B00039B4B /* Forem.app */ = {isa = PBXFileReference; explicitFileType = wrapper.application; includeInIndex = 0; path = Forem.app; sourceTree = BUILT_PRODUCTS_DIR; };
		03EDF84425B1038B00039B4B /* Forem.entitlements */ = {isa = PBXFileReference; lastKnownFileType = text.plist.entitlements; path = Forem.entitlements; sourceTree = "<group>"; };
		03EDF84525B1038B00039B4B /* AppDelegate.swift */ = {isa = PBXFileReference; lastKnownFileType = sourcecode.swift; path = AppDelegate.swift; sourceTree = "<group>"; };
		03EDF84825B1038B00039B4B /* Base */ = {isa = PBXFileReference; lastKnownFileType = file.storyboard; name = Base; path = Base.lproj/Main.storyboard; sourceTree = "<group>"; };
		03EDF84A25B1038B00039B4B /* ViewController.swift */ = {isa = PBXFileReference; lastKnownFileType = sourcecode.swift; path = ViewController.swift; sourceTree = "<group>"; };
		03EDF84C25B1038C00039B4B /* Assets.xcassets */ = {isa = PBXFileReference; lastKnownFileType = folder.assetcatalog; path = Assets.xcassets; sourceTree = "<group>"; };
		03EDF84E25B1038C00039B4B /* Info.plist */ = {isa = PBXFileReference; lastKnownFileType = text.plist.xml; path = Info.plist; sourceTree = "<group>"; };
		03EDF85325B1038C00039B4B /* Forem Extension.appex */ = {isa = PBXFileReference; explicitFileType = "wrapper.app-extension"; includeInIndex = 0; path = "Forem Extension.appex"; sourceTree = BUILT_PRODUCTS_DIR; };
		03EDF85825B1038C00039B4B /* Cocoa.framework */ = {isa = PBXFileReference; lastKnownFileType = wrapper.framework; name = Cocoa.framework; path = System/Library/Frameworks/Cocoa.framework; sourceTree = SDKROOT; };
		03EDF85B25B1038C00039B4B /* SafariWebExtensionHandler.swift */ = {isa = PBXFileReference; lastKnownFileType = sourcecode.swift; path = SafariWebExtensionHandler.swift; sourceTree = "<group>"; };
		03EDF85D25B1038C00039B4B /* Info.plist */ = {isa = PBXFileReference; lastKnownFileType = text.plist.xml; path = Info.plist; sourceTree = "<group>"; };
		03EDF85E25B1038C00039B4B /* Forem_Extension.entitlements */ = {isa = PBXFileReference; lastKnownFileType = text.plist.entitlements; path = Forem_Extension.entitlements; sourceTree = "<group>"; };
		03EDF86925B1038C00039B4B /* LICENSE.md */ = {isa = PBXFileReference; lastKnownFileType = net.daringfireball.markdown; name = LICENSE.md; path = ../../../LICENSE.md; sourceTree = "<group>"; };
		03EDF86A25B1038C00039B4B /* content */ = {isa = PBXFileReference; lastKnownFileType = folder; name = content; path = ../../../content; sourceTree = "<group>"; };
		03EDF86B25B1038C00039B4B /* README.md */ = {isa = PBXFileReference; lastKnownFileType = net.daringfireball.markdown; name = README.md; path = ../../../README.md; sourceTree = "<group>"; };
		03EDF86C25B1038C00039B4B /* yarn.lock */ = {isa = PBXFileReference; lastKnownFileType = text; name = yarn.lock; path = ../../../yarn.lock; sourceTree = "<group>"; };
		03EDF86D25B1038C00039B4B /* package.json */ = {isa = PBXFileReference; lastKnownFileType = text.json; name = package.json; path = ../../../package.json; sourceTree = "<group>"; };
		03EDF86E25B1038C00039B4B /* safari */ = {isa = PBXFileReference; lastKnownFileType = folder; name = safari; path = ../..; sourceTree = "<group>"; };
		03EDF86F25B1038C00039B4B /* manifest.json */ = {isa = PBXFileReference; lastKnownFileType = text.json; name = manifest.json; path = ../../../manifest.json; sourceTree = "<group>"; };
/* End PBXFileReference section */

/* Begin PBXFrameworksBuildPhase section */
		03EDF83E25B1038B00039B4B /* Frameworks */ = {
			isa = PBXFrameworksBuildPhase;
			buildActionMask = 2147483647;
			files = (
			);
			runOnlyForDeploymentPostprocessing = 0;
		};
		03EDF85025B1038C00039B4B /* Frameworks */ = {
			isa = PBXFrameworksBuildPhase;
			buildActionMask = 2147483647;
			files = (
				03EDF85925B1038C00039B4B /* Cocoa.framework in Frameworks */,
			);
			runOnlyForDeploymentPostprocessing = 0;
		};
/* End PBXFrameworksBuildPhase section */

/* Begin PBXGroup section */
		03EDF83825B1038B00039B4B = {
			isa = PBXGroup;
			children = (
				03EDF84325B1038B00039B4B /* Forem */,
				03EDF85A25B1038C00039B4B /* Forem Extension */,
				03EDF85725B1038C00039B4B /* Frameworks */,
				03EDF84225B1038B00039B4B /* Products */,
			);
			sourceTree = "<group>";
		};
		03EDF84225B1038B00039B4B /* Products */ = {
			isa = PBXGroup;
			children = (
				03EDF84125B1038B00039B4B /* Forem.app */,
				03EDF85325B1038C00039B4B /* Forem Extension.appex */,
			);
			name = Products;
			sourceTree = "<group>";
		};
		03EDF84325B1038B00039B4B /* Forem */ = {
			isa = PBXGroup;
			children = (
				03EDF84425B1038B00039B4B /* Forem.entitlements */,
				03EDF84525B1038B00039B4B /* AppDelegate.swift */,
				03EDF84725B1038B00039B4B /* Main.storyboard */,
				03EDF84A25B1038B00039B4B /* ViewController.swift */,
				03EDF84C25B1038C00039B4B /* Assets.xcassets */,
				03EDF84E25B1038C00039B4B /* Info.plist */,
			);
			path = Forem;
			sourceTree = "<group>";
		};
		03EDF85725B1038C00039B4B /* Frameworks */ = {
			isa = PBXGroup;
			children = (
				03EDF85825B1038C00039B4B /* Cocoa.framework */,
			);
			name = Frameworks;
			sourceTree = "<group>";
		};
		03EDF85A25B1038C00039B4B /* Forem Extension */ = {
			isa = PBXGroup;
			children = (
				03EDF86825B1038C00039B4B /* Resources */,
				03EDF85B25B1038C00039B4B /* SafariWebExtensionHandler.swift */,
				03EDF85D25B1038C00039B4B /* Info.plist */,
				03EDF85E25B1038C00039B4B /* Forem_Extension.entitlements */,
			);
			path = "Forem Extension";
			sourceTree = "<group>";
		};
		03EDF86825B1038C00039B4B /* Resources */ = {
			isa = PBXGroup;
			children = (
				03EDF86925B1038C00039B4B /* LICENSE.md */,
				03EDF86A25B1038C00039B4B /* content */,
				03EDF86B25B1038C00039B4B /* README.md */,
				03EDF86C25B1038C00039B4B /* yarn.lock */,
				03EDF86D25B1038C00039B4B /* package.json */,
				03EDF86E25B1038C00039B4B /* safari */,
				03EDF86F25B1038C00039B4B /* manifest.json */,
			);
			name = Resources;
			path = "Forem Extension";
			sourceTree = SOURCE_ROOT;
		};
/* End PBXGroup section */

/* Begin PBXNativeTarget section */
		03EDF84025B1038B00039B4B /* Forem */ = {
			isa = PBXNativeTarget;
			buildConfigurationList = 03EDF86525B1038C00039B4B /* Build configuration list for PBXNativeTarget "Forem" */;
			buildPhases = (
				03EDF83D25B1038B00039B4B /* Sources */,
				03EDF83E25B1038B00039B4B /* Frameworks */,
				03EDF83F25B1038B00039B4B /* Resources */,
				03EDF86425B1038C00039B4B /* Embed App Extensions */,
			);
			buildRules = (
			);
			dependencies = (
				03EDF85625B1038C00039B4B /* PBXTargetDependency */,
			);
			name = Forem;
			productName = Forem;
			productReference = 03EDF84125B1038B00039B4B /* Forem.app */;
			productType = "com.apple.product-type.application";
		};
		03EDF85225B1038C00039B4B /* Forem Extension */ = {
			isa = PBXNativeTarget;
			buildConfigurationList = 03EDF86125B1038C00039B4B /* Build configuration list for PBXNativeTarget "Forem Extension" */;
			buildPhases = (
				03EDF84F25B1038C00039B4B /* Sources */,
				03EDF85025B1038C00039B4B /* Frameworks */,
				03EDF85125B1038C00039B4B /* Resources */,
			);
			buildRules = (
			);
			dependencies = (
			);
			name = "Forem Extension";
			productName = "Forem Extension";
			productReference = 03EDF85325B1038C00039B4B /* Forem Extension.appex */;
			productType = "com.apple.product-type.app-extension";
		};
/* End PBXNativeTarget section */

/* Begin PBXProject section */
		03EDF83925B1038B00039B4B /* Project object */ = {
			isa = PBXProject;
			attributes = {
				LastSwiftUpdateCheck = 1230;
				LastUpgradeCheck = 1230;
				TargetAttributes = {
					03EDF84025B1038B00039B4B = {
						CreatedOnToolsVersion = 12.3;
					};
					03EDF85225B1038C00039B4B = {
						CreatedOnToolsVersion = 12.3;
					};
				};
			};
			buildConfigurationList = 03EDF83C25B1038B00039B4B /* Build configuration list for PBXProject "Forem" */;
			compatibilityVersion = "Xcode 9.3";
			developmentRegion = en;
			hasScannedForEncodings = 0;
			knownRegions = (
				en,
				Base,
			);
			mainGroup = 03EDF83825B1038B00039B4B;
			productRefGroup = 03EDF84225B1038B00039B4B /* Products */;
			projectDirPath = "";
			projectRoot = "";
			targets = (
				03EDF84025B1038B00039B4B /* Forem */,
				03EDF85225B1038C00039B4B /* Forem Extension */,
			);
		};
/* End PBXProject section */

/* Begin PBXResourcesBuildPhase section */
		03EDF83F25B1038B00039B4B /* Resources */ = {
			isa = PBXResourcesBuildPhase;
			buildActionMask = 2147483647;
			files = (
				03EDF84D25B1038C00039B4B /* Assets.xcassets in Resources */,
				03EDF84925B1038B00039B4B /* Main.storyboard in Resources */,
			);
			runOnlyForDeploymentPostprocessing = 0;
		};
		03EDF85125B1038C00039B4B /* Resources */ = {
			isa = PBXResourcesBuildPhase;
			buildActionMask = 2147483647;
			files = (
				03EDF87225B1038C00039B4B /* README.md in Resources */,
				03EDF87625B1038C00039B4B /* manifest.json in Resources */,
				03EDF87125B1038C00039B4B /* content in Resources */,
				03EDF87525B1038C00039B4B /* safari in Resources */,
				03EDF87325B1038C00039B4B /* yarn.lock in Resources */,
				03EDF87025B1038C00039B4B /* LICENSE.md in Resources */,
				03EDF87425B1038C00039B4B /* package.json in Resources */,
			);
			runOnlyForDeploymentPostprocessing = 0;
		};
/* End PBXResourcesBuildPhase section */

/* Begin PBXSourcesBuildPhase section */
		03EDF83D25B1038B00039B4B /* Sources */ = {
			isa = PBXSourcesBuildPhase;
			buildActionMask = 2147483647;
			files = (
				03EDF84B25B1038B00039B4B /* ViewController.swift in Sources */,
				03EDF84625B1038B00039B4B /* AppDelegate.swift in Sources */,
			);
			runOnlyForDeploymentPostprocessing = 0;
		};
		03EDF84F25B1038C00039B4B /* Sources */ = {
			isa = PBXSourcesBuildPhase;
			buildActionMask = 2147483647;
			files = (
				03EDF85C25B1038C00039B4B /* SafariWebExtensionHandler.swift in Sources */,
			);
			runOnlyForDeploymentPostprocessing = 0;
		};
/* End PBXSourcesBuildPhase section */

/* Begin PBXTargetDependency section */
		03EDF85625B1038C00039B4B /* PBXTargetDependency */ = {
			isa = PBXTargetDependency;
			target = 03EDF85225B1038C00039B4B /* Forem Extension */;
			targetProxy = 03EDF85525B1038C00039B4B /* PBXContainerItemProxy */;
		};
/* End PBXTargetDependency section */

/* Begin PBXVariantGroup section */
		03EDF84725B1038B00039B4B /* Main.storyboard */ = {
			isa = PBXVariantGroup;
			children = (
				03EDF84825B1038B00039B4B /* Base */,
			);
			name = Main.storyboard;
			sourceTree = "<group>";
		};
/* End PBXVariantGroup section */

/* Begin XCBuildConfiguration section */
		03EDF85F25B1038C00039B4B /* Debug */ = {
			isa = XCBuildConfiguration;
			buildSettings = {
				ALWAYS_SEARCH_USER_PATHS = NO;
				CLANG_ANALYZER_NONNULL = YES;
				CLANG_ANALYZER_NUMBER_OBJECT_CONVERSION = YES_AGGRESSIVE;
				CLANG_CXX_LANGUAGE_STANDARD = "gnu++14";
				CLANG_CXX_LIBRARY = "libc++";
				CLANG_ENABLE_MODULES = YES;
				CLANG_ENABLE_OBJC_ARC = YES;
				CLANG_ENABLE_OBJC_WEAK = YES;
				CLANG_WARN_BLOCK_CAPTURE_AUTORELEASING = YES;
				CLANG_WARN_BOOL_CONVERSION = YES;
				CLANG_WARN_COMMA = YES;
				CLANG_WARN_CONSTANT_CONVERSION = YES;
				CLANG_WARN_DEPRECATED_OBJC_IMPLEMENTATIONS = YES;
				CLANG_WARN_DIRECT_OBJC_ISA_USAGE = YES_ERROR;
				CLANG_WARN_DOCUMENTATION_COMMENTS = YES;
				CLANG_WARN_EMPTY_BODY = YES;
				CLANG_WARN_ENUM_CONVERSION = YES;
				CLANG_WARN_INFINITE_RECURSION = YES;
				CLANG_WARN_INT_CONVERSION = YES;
				CLANG_WARN_NON_LITERAL_NULL_CONVERSION = YES;
				CLANG_WARN_OBJC_IMPLICIT_RETAIN_SELF = YES;
				CLANG_WARN_OBJC_LITERAL_CONVERSION = YES;
				CLANG_WARN_OBJC_ROOT_CLASS = YES_ERROR;
				CLANG_WARN_QUOTED_INCLUDE_IN_FRAMEWORK_HEADER = YES;
				CLANG_WARN_RANGE_LOOP_ANALYSIS = YES;
				CLANG_WARN_STRICT_PROTOTYPES = YES;
				CLANG_WARN_SUSPICIOUS_MOVE = YES;
				CLANG_WARN_UNGUARDED_AVAILABILITY = YES_AGGRESSIVE;
				CLANG_WARN_UNREACHABLE_CODE = YES;
				CLANG_WARN__DUPLICATE_METHOD_MATCH = YES;
				COPY_PHASE_STRIP = NO;
				DEBUG_INFORMATION_FORMAT = dwarf;
				ENABLE_STRICT_OBJC_MSGSEND = YES;
				ENABLE_TESTABILITY = YES;
				GCC_C_LANGUAGE_STANDARD = gnu11;
				GCC_DYNAMIC_NO_PIC = NO;
				GCC_NO_COMMON_BLOCKS = YES;
				GCC_OPTIMIZATION_LEVEL = 0;
				GCC_PREPROCESSOR_DEFINITIONS = (
					"DEBUG=1",
					"$(inherited)",
				);
				GCC_WARN_64_TO_32_BIT_CONVERSION = YES;
				GCC_WARN_ABOUT_RETURN_TYPE = YES_ERROR;
				GCC_WARN_UNDECLARED_SELECTOR = YES;
				GCC_WARN_UNINITIALIZED_AUTOS = YES_AGGRESSIVE;
				GCC_WARN_UNUSED_FUNCTION = YES;
				GCC_WARN_UNUSED_VARIABLE = YES;
				MACOSX_DEPLOYMENT_TARGET = 11.1;
				MTL_ENABLE_DEBUG_INFO = INCLUDE_SOURCE;
				MTL_FAST_MATH = YES;
				ONLY_ACTIVE_ARCH = YES;
				SDKROOT = macosx;
				SWIFT_ACTIVE_COMPILATION_CONDITIONS = DEBUG;
				SWIFT_OPTIMIZATION_LEVEL = "-Onone";
			};
			name = Debug;
		};
		03EDF86025B1038C00039B4B /* Release */ = {
			isa = XCBuildConfiguration;
			buildSettings = {
				ALWAYS_SEARCH_USER_PATHS = NO;
				CLANG_ANALYZER_NONNULL = YES;
				CLANG_ANALYZER_NUMBER_OBJECT_CONVERSION = YES_AGGRESSIVE;
				CLANG_CXX_LANGUAGE_STANDARD = "gnu++14";
				CLANG_CXX_LIBRARY = "libc++";
				CLANG_ENABLE_MODULES = YES;
				CLANG_ENABLE_OBJC_ARC = YES;
				CLANG_ENABLE_OBJC_WEAK = YES;
				CLANG_WARN_BLOCK_CAPTURE_AUTORELEASING = YES;
				CLANG_WARN_BOOL_CONVERSION = YES;
				CLANG_WARN_COMMA = YES;
				CLANG_WARN_CONSTANT_CONVERSION = YES;
				CLANG_WARN_DEPRECATED_OBJC_IMPLEMENTATIONS = YES;
				CLANG_WARN_DIRECT_OBJC_ISA_USAGE = YES_ERROR;
				CLANG_WARN_DOCUMENTATION_COMMENTS = YES;
				CLANG_WARN_EMPTY_BODY = YES;
				CLANG_WARN_ENUM_CONVERSION = YES;
				CLANG_WARN_INFINITE_RECURSION = YES;
				CLANG_WARN_INT_CONVERSION = YES;
				CLANG_WARN_NON_LITERAL_NULL_CONVERSION = YES;
				CLANG_WARN_OBJC_IMPLICIT_RETAIN_SELF = YES;
				CLANG_WARN_OBJC_LITERAL_CONVERSION = YES;
				CLANG_WARN_OBJC_ROOT_CLASS = YES_ERROR;
				CLANG_WARN_QUOTED_INCLUDE_IN_FRAMEWORK_HEADER = YES;
				CLANG_WARN_RANGE_LOOP_ANALYSIS = YES;
				CLANG_WARN_STRICT_PROTOTYPES = YES;
				CLANG_WARN_SUSPICIOUS_MOVE = YES;
				CLANG_WARN_UNGUARDED_AVAILABILITY = YES_AGGRESSIVE;
				CLANG_WARN_UNREACHABLE_CODE = YES;
				CLANG_WARN__DUPLICATE_METHOD_MATCH = YES;
				COPY_PHASE_STRIP = NO;
				DEBUG_INFORMATION_FORMAT = "dwarf-with-dsym";
				ENABLE_NS_ASSERTIONS = NO;
				ENABLE_STRICT_OBJC_MSGSEND = YES;
				GCC_C_LANGUAGE_STANDARD = gnu11;
				GCC_NO_COMMON_BLOCKS = YES;
				GCC_WARN_64_TO_32_BIT_CONVERSION = YES;
				GCC_WARN_ABOUT_RETURN_TYPE = YES_ERROR;
				GCC_WARN_UNDECLARED_SELECTOR = YES;
				GCC_WARN_UNINITIALIZED_AUTOS = YES_AGGRESSIVE;
				GCC_WARN_UNUSED_FUNCTION = YES;
				GCC_WARN_UNUSED_VARIABLE = YES;
				MACOSX_DEPLOYMENT_TARGET = 11.1;
				MTL_ENABLE_DEBUG_INFO = NO;
				MTL_FAST_MATH = YES;
				SDKROOT = macosx;
				SWIFT_COMPILATION_MODE = wholemodule;
				SWIFT_OPTIMIZATION_LEVEL = "-O";
			};
			name = Release;
		};
		03EDF86225B1038C00039B4B /* Debug */ = {
			isa = XCBuildConfiguration;
			buildSettings = {
				CODE_SIGN_ENTITLEMENTS = "Forem Extension/Forem_Extension.entitlements";
				CODE_SIGN_STYLE = Automatic;
				INFOPLIST_FILE = "Forem Extension/Info.plist";
				LD_RUNPATH_SEARCH_PATHS = (
					"$(inherited)",
					"@executable_path/../Frameworks",
					"@executable_path/../../../../Frameworks",
				);
				MACOSX_DEPLOYMENT_TARGET = 10.14;
				MARKETING_VERSION = 0.1.3;
				PRODUCT_BUNDLE_IDENTIFIER = com.forem.Forem.Extension;
				PRODUCT_NAME = "$(TARGET_NAME)";
				SKIP_INSTALL = YES;
				SWIFT_VERSION = 5.0;
			};
			name = Debug;
		};
		03EDF86325B1038C00039B4B /* Release */ = {
			isa = XCBuildConfiguration;
			buildSettings = {
				CODE_SIGN_ENTITLEMENTS = "Forem Extension/Forem_Extension.entitlements";
				CODE_SIGN_STYLE = Automatic;
				INFOPLIST_FILE = "Forem Extension/Info.plist";
				LD_RUNPATH_SEARCH_PATHS = (
					"$(inherited)",
					"@executable_path/../Frameworks",
					"@executable_path/../../../../Frameworks",
				);
				MACOSX_DEPLOYMENT_TARGET = 10.14;
				MARKETING_VERSION = 0.1.3;
				PRODUCT_BUNDLE_IDENTIFIER = com.forem.Forem.Extension;
				PRODUCT_NAME = "$(TARGET_NAME)";
				SKIP_INSTALL = YES;
				SWIFT_VERSION = 5.0;
			};
			name = Release;
		};
		03EDF86625B1038C00039B4B /* Debug */ = {
			isa = XCBuildConfiguration;
			buildSettings = {
				ALWAYS_EMBED_SWIFT_STANDARD_LIBRARIES = YES;
				ASSETCATALOG_COMPILER_APPICON_NAME = AppIcon;
				ASSETCATALOG_COMPILER_GLOBAL_ACCENT_COLOR_NAME = AccentColor;
				CODE_SIGN_ENTITLEMENTS = Forem/Forem.entitlements;
				CODE_SIGN_STYLE = Automatic;
				COMBINE_HIDPI_IMAGES = YES;
				INFOPLIST_FILE = Forem/Info.plist;
				LD_RUNPATH_SEARCH_PATHS = (
					"$(inherited)",
					"@executable_path/../Frameworks",
				);
				MACOSX_DEPLOYMENT_TARGET = 10.14;
				MARKETING_VERSION = 0.1.3;
				PRODUCT_BUNDLE_IDENTIFIER = com.forem.Forem;
				PRODUCT_NAME = "$(TARGET_NAME)";
				SWIFT_VERSION = 5.0;
			};
			name = Debug;
		};
		03EDF86725B1038C00039B4B /* Release */ = {
			isa = XCBuildConfiguration;
			buildSettings = {
				ALWAYS_EMBED_SWIFT_STANDARD_LIBRARIES = YES;
				ASSETCATALOG_COMPILER_APPICON_NAME = AppIcon;
				ASSETCATALOG_COMPILER_GLOBAL_ACCENT_COLOR_NAME = AccentColor;
				CODE_SIGN_ENTITLEMENTS = Forem/Forem.entitlements;
				CODE_SIGN_STYLE = Automatic;
				COMBINE_HIDPI_IMAGES = YES;
				INFOPLIST_FILE = Forem/Info.plist;
				LD_RUNPATH_SEARCH_PATHS = (
					"$(inherited)",
					"@executable_path/../Frameworks",
				);
				MACOSX_DEPLOYMENT_TARGET = 10.14;
				MARKETING_VERSION = 0.1.3;
				PRODUCT_BUNDLE_IDENTIFIER = com.forem.Forem;
				PRODUCT_NAME = "$(TARGET_NAME)";
				SWIFT_VERSION = 5.0;
			};
			name = Release;
		};
/* End XCBuildConfiguration section */

/* Begin XCConfigurationList section */
		03EDF83C25B1038B00039B4B /* Build configuration list for PBXProject "Forem" */ = {
			isa = XCConfigurationList;
			buildConfigurations = (
				03EDF85F25B1038C00039B4B /* Debug */,
				03EDF86025B1038C00039B4B /* Release */,
			);
			defaultConfigurationIsVisible = 0;
			defaultConfigurationName = Release;
		};
		03EDF86125B1038C00039B4B /* Build configuration list for PBXNativeTarget "Forem Extension" */ = {
			isa = XCConfigurationList;
			buildConfigurations = (
				03EDF86225B1038C00039B4B /* Debug */,
				03EDF86325B1038C00039B4B /* Release */,
			);
			defaultConfigurationIsVisible = 0;
			defaultConfigurationName = Release;
		};
		03EDF86525B1038C00039B4B /* Build configuration list for PBXNativeTarget "Forem" */ = {
			isa = XCConfigurationList;
			buildConfigurations = (
				03EDF86625B1038C00039B4B /* Debug */,
				03EDF86725B1038C00039B4B /* Release */,
			);
			defaultConfigurationIsVisible = 0;
			defaultConfigurationName = Release;
		};
/* End XCConfigurationList section */
	};
	rootObject = 03EDF83925B1038B00039B4B /* Project object */;
}
